
Microsoft Visual Studio Solution File, Format Version 12.00
# Visual Studio Version 17
VisualStudioVersion = 17.0.32126.317
MinimumVisualStudioVersion = 10.0.40219.1
Project("{FAE04EC0-301F-11D3-BF4B-00C04F79EFBC}") = "EcommerceWeb.Server", "EcommerceWeb\Server\EcommerceWeb.Server.csproj", "{B87CC5E2-5DB7-4A37-B866-2D4B77A43770}"
EndProject
Project("{FAE04EC0-301F-11D3-BF4B-00C04F79EFBC}") = "EcommerceWeb.Client", "EcommerceWeb\Client\EcommerceWeb.Client.csproj", "{ED316E34-A662-4FD0-BB6B-D5B92724CD65}"
EndProject
Project("{FAE04EC0-301F-11D3-BF4B-00C04F79EFBC}") = "EcommerceWeb.Shared", "EcommerceWeb\Shared\EcommerceWeb.Shared.csproj", "{45AFCACB-CE3D-48C9-97FB-D641C910999F}"
EndProject
Global
	GlobalSection(SolutionConfigurationPlatforms) = preSolution
		Debug|Any CPU = Debug|Any CPU
		Release|Any CPU = Release|Any CPU
	EndGlobalSection
	GlobalSection(ProjectConfigurationPlatforms) = postSolution
		{B87CC5E2-5DB7-4A37-B866-2D4B77A43770}.Debug|Any CPU.ActiveCfg = Debug|Any CPU
		{B87CC5E2-5DB7-4A37-B866-2D4B77A43770}.Debug|Any CPU.Build.0 = Debug|Any CPU
		{B87CC5E2-5DB7-4A37-B866-2D4B77A43770}.Release|Any CPU.ActiveCfg = Release|Any CPU
		{B87CC5E2-5DB7-4A37-B866-2D4B77A43770}.Release|Any CPU.Build.0 = Release|Any CPU
		{ED316E34-A662-4FD0-BB6B-D5B92724CD65}.Debug|Any CPU.ActiveCfg = Debug|Any CPU
		{ED316E34-A662-4FD0-BB6B-D5B92724CD65}.Debug|Any CPU.Build.0 = Debug|Any CPU
		{ED316E34-A662-4FD0-BB6B-D5B92724CD65}.Release|Any CPU.ActiveCfg = Release|Any CPU
		{ED316E34-A662-4FD0-BB6B-D5B92724CD65}.Release|Any CPU.Build.0 = Release|Any CPU
		{45AFCACB-CE3D-48C9-97FB-D641C910999F}.Debug|Any CPU.ActiveCfg = Debug|Any CPU
		{45AFCACB-CE3D-48C9-97FB-D641C910999F}.Debug|Any CPU.Build.0 = Debug|Any CPU
		{45AFCACB-CE3D-48C9-97FB-D641C910999F}.Release|Any CPU.ActiveCfg = Release|Any CPU
		{45AFCACB-CE3D-48C9-97FB-D641C910999F}.Release|Any CPU.Build.0 = Release|Any CPU
	EndGlobalSection
	GlobalSection(SolutionProperties) = preSolution
		HideSolutionNode = FALSE
	EndGlobalSection
	GlobalSection(ExtensibilityGlobals) = postSolution
		SolutionGuid = {4F1EAE3D-109F-4FAD-B59F-79825718553D}
	EndGlobalSection
EndGlobal
